
Microsoft Visual Studio Solution File, Format Version 12.00
# Visual Studio Version 16
VisualStudioVersion = 16.0.30114.105
MinimumVisualStudioVersion = 10.0.40219.1
Project("{FAE04EC0-301F-11D3-BF4B-00C04F79EFBC}") = "Blog.MigratorDB", "Blog.MigratorDB\Blog.MigratorDB.csproj", "{79EE49F8-C03C-4CAF-A41A-2B2BC9F06E47}"
EndProject
Project("{2150E333-8FDC-42A3-9474-1A3956D46DE8}") = "Code", "Code", "{DA0AB0B3-9772-4538-8A1D-014C4F039B42}"
EndProject
Project("{FAE04EC0-301F-11D3-BF4B-00C04F79EFBC}") = "Blog.Api", "Code\Blog.Api\Blog.Api.csproj", "{00602E68-E4B3-471F-A745-EA9A81A5CF43}"
EndProject
Global
	GlobalSection(SolutionConfigurationPlatforms) = preSolution
		Debug|Any CPU = Debug|Any CPU
		Release|Any CPU = Release|Any CPU
	EndGlobalSection
	GlobalSection(SolutionProperties) = preSolution
		HideSolutionNode = FALSE
	EndGlobalSection
	GlobalSection(ProjectConfigurationPlatforms) = postSolution
		{79EE49F8-C03C-4CAF-A41A-2B2BC9F06E47}.Debug|Any CPU.ActiveCfg = Debug|Any CPU
		{79EE49F8-C03C-4CAF-A41A-2B2BC9F06E47}.Debug|Any CPU.Build.0 = Debug|Any CPU
		{79EE49F8-C03C-4CAF-A41A-2B2BC9F06E47}.Release|Any CPU.ActiveCfg = Release|Any CPU
		{79EE49F8-C03C-4CAF-A41A-2B2BC9F06E47}.Release|Any CPU.Build.0 = Release|Any CPU
		{00602E68-E4B3-471F-A745-EA9A81A5CF43}.Debug|Any CPU.ActiveCfg = Debug|Any CPU
		{00602E68-E4B3-471F-A745-EA9A81A5CF43}.Debug|Any CPU.Build.0 = Debug|Any CPU
		{00602E68-E4B3-471F-A745-EA9A81A5CF43}.Release|Any CPU.ActiveCfg = Release|Any CPU
		{00602E68-E4B3-471F-A745-EA9A81A5CF43}.Release|Any CPU.Build.0 = Release|Any CPU
	EndGlobalSection
	GlobalSection(NestedProjects) = preSolution
		{00602E68-E4B3-471F-A745-EA9A81A5CF43} = {DA0AB0B3-9772-4538-8A1D-014C4F039B42}
	EndGlobalSection
EndGlobal
